#MicroXplorer Configuration settings - do not modify
Mcu.Family=STM32F4
PC13-ANTI_TAMP.GPIO_Speed=GPIO_SPEED_FREQ_LOW
ProjectManager.MainLocation=Src
PC15-OSC32_OUT.Mode=LSE-External-Oscillator
ProjectManager.ProjectFileName=MODE_LED.ioc
RCC.CortexFreq_Value=100000000
ProjectManager.KeepUserCode=true
Mcu.UserName=STM32F411CEUx
Mcu.PinsNb=9
ProjectManager.NoMain=false
PC13-ANTI_TAMP.GPIO_Label=LED
RCC.PLLCLKFreq_Value=100000000
RCC.PLLQCLKFreq_Value=50000000
ProjectManager.functionlistsort=1-MX_GPIO_Init-GPIO-false-HAL-true,2-SystemClock_Config-RCC-false-HAL-false
PH1\ -\ OSC_OUT.Mode=HSE-External-Oscillator
RCC.RTCFreq_Value=32000
ProjectManager.DefaultFWLocation=true
ProjectManager.DeletePrevious=true
RCC.APB1CLKDivider=RCC_HCLK_DIV2
PC14-OSC32_IN.Signal=RCC_OSC32_IN
PinOutPanel.RotationAngle=0
RCC.FamilyName=M
PC13-ANTI_TAMP.PinState=GPIO_PIN_RESET
RCC.SYSCLKSource=RCC_SYSCLKSOURCE_PLLCLK
ProjectManager.StackSize=0x400
PA13.Signal=SYS_JTMS-SWDIO
RCC.FCLKCortexFreq_Value=100000000
Mcu.IP2=SYS
NVIC.SVCall_IRQn=true\:0\:0\:false\:false\:true\:false\:false
Mcu.IP3=TIM4
Mcu.IP0=NVIC
Mcu.IP1=RCC
PH0\ -\ OSC_IN.Mode=HSE-External-Oscillator
Mcu.UserConstants=
PH0\ -\ OSC_IN.Signal=RCC_OSC_IN
ProjectManager.TargetToolchain=Makefile
VP_TIM4_VS_ClockSourceINT.Signal=TIM4_VS_ClockSourceINT
TIM4.IPParameters=Prescaler,Period
Mcu.ThirdPartyNb=0
RCC.HCLKFreq_Value=100000000
Mcu.IPNb=4
RCC.I2SClocksFreq_Value=96000000
ProjectManager.PreviousToolchain=
RCC.APB2TimFreq_Value=100000000
RCC.VcooutputI2S=96000000
RCC.VCOInputMFreq_Value=1000000
Mcu.Pin6=PA14
Mcu.Pin7=VP_SYS_VS_Systick
ProjectManager.RegisterCallBack=
Mcu.Pin8=VP_TIM4_VS_ClockSourceINT
TIM4.Prescaler=10
PC15-OSC32_OUT.Signal=RCC_OSC32_OUT
RCC.AHBFreq_Value=100000000
Mcu.Pin0=PC13-ANTI_TAMP
Mcu.Pin1=PC14-OSC32_IN
GPIO.groupedBy=Group By Peripherals
Mcu.Pin2=PC15-OSC32_OUT
Mcu.Pin3=PH0 - OSC_IN
Mcu.Pin4=PH1 - OSC_OUT
RCC.VCOI2SOutputFreq_Value=192000000
Mcu.Pin5=PA13
ProjectManager.ProjectBuild=false
RCC.HSE_VALUE=25000000
NVIC.UsageFault_IRQn=true\:0\:0\:false\:false\:true\:false\:false
NVIC.DebugMonitor_IRQn=true\:0\:0\:false\:false\:true\:false\:false
PH1\ -\ OSC_OUT.Signal=RCC_OSC_OUT
board=custom
PC13-ANTI_TAMP.Signal=GPIO_Output
RCC.VCOOutputFreq_Value=200000000
PC13-ANTI_TAMP.Locked=true
NVIC.SysTick_IRQn=true\:0\:0\:false\:false\:true\:false\:true
ProjectManager.LastFirmware=true
ProjectManager.FirmwarePackage=STM32Cube FW_F4 V1.25.1
MxDb.Version=DB.6.0.0
RCC.APB2Freq_Value=100000000
ProjectManager.BackupPrevious=true
MxCube.Version=6.0.1
PC14-OSC32_IN.Mode=LSE-External-Oscillator
RCC.VCOInputFreq_Value=2000000
PA14.Mode=Serial_Wire
File.Version=6
VP_SYS_VS_Systick.Mode=SysTick
RCC.EthernetFreq_Value=100000000
NVIC.NonMaskableInt_IRQn=true\:0\:0\:false\:false\:true\:false\:false
NVIC.PendSV_IRQn=true\:0\:0\:false\:false\:true\:false\:false
TIM4.Period=10
PA13.Mode=Serial_Wire
ProjectManager.FreePins=false
RCC.IPParameters=48MHZClocksFreq_Value,AHBFreq_Value,APB1CLKDivider,APB1Freq_Value,APB1TimFreq_Value,APB2Freq_Value,APB2TimFreq_Value,CortexFreq_Value,EthernetFreq_Value,FCLKCortexFreq_Value,FamilyName,HCLKFreq_Value,HSE_VALUE,HSI_VALUE,I2SClocksFreq_Value,LSI_VALUE,PLLCLKFreq_Value,PLLM,PLLN,PLLQCLKFreq_Value,RTCFreq_Value,RTCHSEDivFreq_Value,SYSCLKFreq_VALUE,SYSCLKSource,VCOI2SOutputFreq_Value,VCOInputFreq_Value,VCOInputMFreq_Value,VCOOutputFreq_Value,VcooutputI2S
ProjectManager.AskForMigrate=true
Mcu.Name=STM32F411C(C-E)Ux
ProjectManager.HalAssertFull=false
RCC.RTCHSEDivFreq_Value=12500000
ProjectManager.ProjectName=MODE_LED
ProjectManager.UnderRoot=false
ProjectManager.CoupleFile=true
RCC.48MHZClocksFreq_Value=50000000
RCC.SYSCLKFreq_VALUE=100000000
Mcu.Package=UFQFPN48
NVIC.ForceEnableDMAVector=true
KeepUserPlacement=false
NVIC.MemoryManagement_IRQn=true\:0\:0\:false\:false\:true\:false\:false
ProjectManager.CompilerOptimize=6
ProjectManager.ToolChainLocation=
RCC.LSI_VALUE=32000
VP_SYS_VS_Systick.Signal=SYS_VS_Systick
PA14.Signal=SYS_JTCK-SWCLK
ProjectManager.HeapSize=0x200
NVIC.HardFault_IRQn=true\:0\:0\:false\:false\:true\:false\:false
ProjectManager.ComputerToolchain=false
RCC.HSI_VALUE=16000000
VP_TIM4_VS_ClockSourceINT.Mode=Internal
NVIC.PriorityGroup=NVIC_PRIORITYGROUP_4
RCC.PLLM=8
RCC.PLLN=100
RCC.APB1TimFreq_Value=100000000
NVIC.BusFault_IRQn=true\:0\:0\:false\:false\:true\:false\:false
NVIC.TIM4_IRQn=true\:1\:0\:true\:false\:true\:true\:true
RCC.APB1Freq_Value=50000000
ProjectManager.CustomerFirmwarePackage=
ProjectManager.DeviceId=STM32F411CEUx
ProjectManager.LibraryCopy=0
PC13-ANTI_TAMP.GPIOParameters=GPIO_Speed,PinState,GPIO_Label
